
Microsoft Visual Studio Solution File, Format Version 12.00
# Visual Studio Version 16
VisualStudioVersion = 16.0.30804.86
MinimumVisualStudioVersion = 10.0.40219.1
Project("{9A19103F-16F7-4668-BE54-9A1E7A4F7556}") = "API", "API\API.csproj", "{F5B1A576-CC3D-428B-B800-B6D28F6FC576}"
EndProject
Project("{9A19103F-16F7-4668-BE54-9A1E7A4F7556}") = "Receiver", "Receiver\Receiver.csproj", "{0932CDB0-F9A2-426A-B740-C24F463DB31C}"
EndProject
Project("{9A19103F-16F7-4668-BE54-9A1E7A4F7556}") = "Handlers", "Handlers\Handlers.csproj", "{741B02BC-1163-4520-B590-BE0B159676AA}"
EndProject
Project("{9A19103F-16F7-4668-BE54-9A1E7A4F7556}") = "App", "App\App.csproj", "{47118FE1-9B80-4C88-82B0-013679AEC081}"
EndProject
Project("{FAE04EC0-301F-11D3-BF4B-00C04F79EFBC}") = "CorrelationKernel", "CorrelationKernel\CorrelationKernel.csproj", "{AD9EA929-A2E2-48B6-9730-942C6DA5A9BB}"
EndProject
Global
	GlobalSection(SolutionConfigurationPlatforms) = preSolution
		Debug|Any CPU = Debug|Any CPU
		Release|Any CPU = Release|Any CPU
	EndGlobalSection
	GlobalSection(ProjectConfigurationPlatforms) = postSolution
		{F5B1A576-CC3D-428B-B800-B6D28F6FC576}.Debug|Any CPU.ActiveCfg = Debug|Any CPU
		{F5B1A576-CC3D-428B-B800-B6D28F6FC576}.Debug|Any CPU.Build.0 = Debug|Any CPU
		{F5B1A576-CC3D-428B-B800-B6D28F6FC576}.Release|Any CPU.ActiveCfg = Release|Any CPU
		{F5B1A576-CC3D-428B-B800-B6D28F6FC576}.Release|Any CPU.Build.0 = Release|Any CPU
		{0932CDB0-F9A2-426A-B740-C24F463DB31C}.Debug|Any CPU.ActiveCfg = Debug|Any CPU
		{0932CDB0-F9A2-426A-B740-C24F463DB31C}.Debug|Any CPU.Build.0 = Debug|Any CPU
		{0932CDB0-F9A2-426A-B740-C24F463DB31C}.Release|Any CPU.ActiveCfg = Release|Any CPU
		{0932CDB0-F9A2-426A-B740-C24F463DB31C}.Release|Any CPU.Build.0 = Release|Any CPU
		{741B02BC-1163-4520-B590-BE0B159676AA}.Debug|Any CPU.ActiveCfg = Debug|Any CPU
		{741B02BC-1163-4520-B590-BE0B159676AA}.Debug|Any CPU.Build.0 = Debug|Any CPU
		{741B02BC-1163-4520-B590-BE0B159676AA}.Release|Any CPU.ActiveCfg = Release|Any CPU
		{741B02BC-1163-4520-B590-BE0B159676AA}.Release|Any CPU.Build.0 = Release|Any CPU
		{47118FE1-9B80-4C88-82B0-013679AEC081}.Debug|Any CPU.ActiveCfg = Debug|Any CPU
		{47118FE1-9B80-4C88-82B0-013679AEC081}.Debug|Any CPU.Build.0 = Debug|Any CPU
		{47118FE1-9B80-4C88-82B0-013679AEC081}.Release|Any CPU.ActiveCfg = Release|Any CPU
		{47118FE1-9B80-4C88-82B0-013679AEC081}.Release|Any CPU.Build.0 = Release|Any CPU
		{AD9EA929-A2E2-48B6-9730-942C6DA5A9BB}.Debug|Any CPU.ActiveCfg = Debug|Any CPU
		{AD9EA929-A2E2-48B6-9730-942C6DA5A9BB}.Debug|Any CPU.Build.0 = Debug|Any CPU
		{AD9EA929-A2E2-48B6-9730-942C6DA5A9BB}.Release|Any CPU.ActiveCfg = Release|Any CPU
		{AD9EA929-A2E2-48B6-9730-942C6DA5A9BB}.Release|Any CPU.Build.0 = Release|Any CPU
	EndGlobalSection
	GlobalSection(SolutionProperties) = preSolution
		HideSolutionNode = FALSE
	EndGlobalSection
	GlobalSection(ExtensibilityGlobals) = postSolution
		SolutionGuid = {C4D0A87D-5F63-42AF-9F9D-52E4E571D250}
	EndGlobalSection
EndGlobal
