
Microsoft Visual Studio Solution File, Format Version 12.00
# Visual Studio Version 16
VisualStudioVersion = 16.0.30804.86
MinimumVisualStudioVersion = 10.0.40219.1
Project("{FAE04EC0-301F-11D3-BF4B-00C04F79EFBC}") = "WebSite", "WebSite\WebSite.csproj", "{4E8B9D95-F8CA-4BA5-9BEB-617805C246B0}"
EndProject
Global
	GlobalSection(SolutionConfigurationPlatforms) = preSolution
		Debug|Any CPU = Debug|Any CPU
		Release|Any CPU = Release|Any CPU
	EndGlobalSection
	GlobalSection(ProjectConfigurationPlatforms) = postSolution
		{4E8B9D95-F8CA-4BA5-9BEB-617805C246B0}.Debug|Any CPU.ActiveCfg = Debug|Any CPU
		{4E8B9D95-F8CA-4BA5-9BEB-617805C246B0}.Debug|Any CPU.Build.0 = Debug|Any CPU
		{4E8B9D95-F8CA-4BA5-9BEB-617805C246B0}.Release|Any CPU.ActiveCfg = Release|Any CPU
		{4E8B9D95-F8CA-4BA5-9BEB-617805C246B0}.Release|Any CPU.Build.0 = Release|Any CPU
	EndGlobalSection
	GlobalSection(SolutionProperties) = preSolution
		HideSolutionNode = FALSE
	EndGlobalSection
	GlobalSection(ExtensibilityGlobals) = postSolution
		SolutionGuid = {D03C55B6-3AEA-4F24-8ED9-24C7C8DED9AD}
	EndGlobalSection
EndGlobal
